// !$*UTF8*$!
{
	archiveVersion = 1;
	classes = {
	};
	objectVersion = 50;
	objects = {

/* Begin PBXBuildFile section */
		2A7D0FCA20732BE70079691B /* fileIOs_wordPairs_main.cpp in Sources */ = {isa = PBXBuildFile; fileRef = 2A7D0FC920732BE70079691B /* fileIOs_wordPairs_main.cpp */; };
		2A7D0FD320732C9C0079691B /* fileIOs_wordPairs.cpp in Sources */ = {isa = PBXBuildFile; fileRef = 2A7D0FD120732C9C0079691B /* fileIOs_wordPairs.cpp */; };
/* End PBXBuildFile section */

/* Begin PBXCopyFilesBuildPhase section */
		2A7D0FC420732BE70079691B /* CopyFiles */ = {
			isa = PBXCopyFilesBuildPhase;
			buildActionMask = 2147483647;
			dstPath = /usr/share/man/man1/;
			dstSubfolderSpec = 0;
			files = (
			);
			runOnlyForDeploymentPostprocessing = 1;
		};
/* End PBXCopyFilesBuildPhase section */

/* Begin PBXFileReference section */
		2A7D0FC620732BE70079691B /* codeLab04 */ = {isa = PBXFileReference; explicitFileType = "compiled.mach-o.executable"; includeInIndex = 0; path = codeLab04; sourceTree = BUILT_PRODUCTS_DIR; };
		2A7D0FC920732BE70079691B /* fileIOs_wordPairs_main.cpp */ = {isa = PBXFileReference; lastKnownFileType = sourcecode.cpp.cpp; path = fileIOs_wordPairs_main.cpp; sourceTree = "<group>"; };
		2A7D0FD020732C8E0079691B /* fileIOs_wordPairs.h */ = {isa = PBXFileReference; lastKnownFileType = sourcecode.c.h; path = fileIOs_wordPairs.h; sourceTree = "<group>"; };
		2A7D0FD120732C9C0079691B /* fileIOs_wordPairs.cpp */ = {isa = PBXFileReference; lastKnownFileType = sourcecode.cpp.cpp; path = fileIOs_wordPairs.cpp; sourceTree = "<group>"; };
		2A7D0FD220732C9C0079691B /* fileIOs_wordPairs.hpp */ = {isa = PBXFileReference; lastKnownFileType = sourcecode.cpp.h; path = fileIOs_wordPairs.hpp; sourceTree = "<group>"; };
		2A7D0FD4207334480079691B /* SteveJobsSpeech2005.txt */ = {isa = PBXFileReference; fileEncoding = 4; lastKnownFileType = text; path = SteveJobsSpeech2005.txt; sourceTree = "<group>"; };
/* End PBXFileReference section */

/* Begin PBXFrameworksBuildPhase section */
		2A7D0FC320732BE70079691B /* Frameworks */ = {
			isa = PBXFrameworksBuildPhase;
			buildActionMask = 2147483647;
			files = (
			);
			runOnlyForDeploymentPostprocessing = 0;
		};
/* End PBXFrameworksBuildPhase section */

/* Begin PBXGroup section */
		2A7D0FBD20732BE70079691B = {
			isa = PBXGroup;
			children = (
				2A7D0FC820732BE70079691B /* codeLab04 */,
				2A7D0FC720732BE70079691B /* Products */,
			);
			sourceTree = "<group>";
		};
		2A7D0FC720732BE70079691B /* Products */ = {
			isa = PBXGroup;
			children = (
				2A7D0FC620732BE70079691B /* codeLab04 */,
			);
			name = Products;
			sourceTree = "<group>";
		};
		2A7D0FC820732BE70079691B /* codeLab04 */ = {
			isa = PBXGroup;
			children = (
				2A7D0FD4207334480079691B /* SteveJobsSpeech2005.txt */,
				2A7D0FC920732BE70079691B /* fileIOs_wordPairs_main.cpp */,
				2A7D0FD020732C8E0079691B /* fileIOs_wordPairs.h */,
				2A7D0FD120732C9C0079691B /* fileIOs_wordPairs.cpp */,
				2A7D0FD220732C9C0079691B /* fileIOs_wordPairs.hpp */,
			);
			path = codeLab04;
			sourceTree = "<group>";
		};
/* End PBXGroup section */

/* Begin PBXNativeTarget section */
		2A7D0FC520732BE70079691B /* codeLab04 */ = {
			isa = PBXNativeTarget;
			buildConfigurationList = 2A7D0FCD20732BE70079691B /* Build configuration list for PBXNativeTarget "codeLab04" */;
			buildPhases = (
				2A7D0FC220732BE70079691B /* Sources */,
				2A7D0FC320732BE70079691B /* Frameworks */,
				2A7D0FC420732BE70079691B /* CopyFiles */,
			);
			buildRules = (
			);
			dependencies = (
			);
			name = codeLab04;
			productName = codeLab04;
			productReference = 2A7D0FC620732BE70079691B /* codeLab04 */;
			productType = "com.apple.product-type.tool";
		};
/* End PBXNativeTarget section */

/* Begin PBXProject section */
		2A7D0FBE20732BE70079691B /* Project object */ = {
			isa = PBXProject;
			attributes = {
				LastUpgradeCheck = 0930;
				ORGANIZATIONNAME = "Le Tuan";
				TargetAttributes = {
					2A7D0FC520732BE70079691B = {
						CreatedOnToolsVersion = 9.3;
					};
				};
			};
			buildConfigurationList = 2A7D0FC120732BE70079691B /* Build configuration list for PBXProject "codeLab04" */;
			compatibilityVersion = "Xcode 9.3";
			developmentRegion = en;
			hasScannedForEncodings = 0;
			knownRegions = (
				en,
			);
			mainGroup = 2A7D0FBD20732BE70079691B;
			productRefGroup = 2A7D0FC720732BE70079691B /* Products */;
			projectDirPath = "";
			projectRoot = "";
			targets = (
				2A7D0FC520732BE70079691B /* codeLab04 */,
			);
		};
/* End PBXProject section */

/* Begin PBXSourcesBuildPhase section */
		2A7D0FC220732BE70079691B /* Sources */ = {
			isa = PBXSourcesBuildPhase;
			buildActionMask = 2147483647;
			files = (
				2A7D0FCA20732BE70079691B /* fileIOs_wordPairs_main.cpp in Sources */,
				2A7D0FD320732C9C0079691B /* fileIOs_wordPairs.cpp in Sources */,
			);
			runOnlyForDeploymentPostprocessing = 0;
		};
/* End PBXSourcesBuildPhase section */

/* Begin XCBuildConfiguration section */
		2A7D0FCB20732BE70079691B /* Debug */ = {
			isa = XCBuildConfiguration;
			buildSettings = {
				ALWAYS_SEARCH_USER_PATHS = NO;
				CLANG_ANALYZER_NONNULL = YES;
				CLANG_ANALYZER_NUMBER_OBJECT_CONVERSION = YES_AGGRESSIVE;
				CLANG_CXX_LANGUAGE_STANDARD = "gnu++14";
				CLANG_CXX_LIBRARY = "libc++";
				CLANG_ENABLE_MODULES = YES;
				CLANG_ENABLE_OBJC_ARC = YES;
				CLANG_ENABLE_OBJC_WEAK = YES;
				CLANG_WARN_BLOCK_CAPTURE_AUTORELEASING = YES;
				CLANG_WARN_BOOL_CONVERSION = YES;
				CLANG_WARN_COMMA = YES;
				CLANG_WARN_CONSTANT_CONVERSION = YES;
				CLANG_WARN_DEPRECATED_OBJC_IMPLEMENTATIONS = YES;
				CLANG_WARN_DIRECT_OBJC_ISA_USAGE = YES_ERROR;
				CLANG_WARN_DOCUMENTATION_COMMENTS = YES;
				CLANG_WARN_EMPTY_BODY = YES;
				CLANG_WARN_ENUM_CONVERSION = YES;
				CLANG_WARN_INFINITE_RECURSION = YES;
				CLANG_WARN_INT_CONVERSION = YES;
				CLANG_WARN_NON_LITERAL_NULL_CONVERSION = YES;
				CLANG_WARN_OBJC_IMPLICIT_RETAIN_SELF = YES;
				CLANG_WARN_OBJC_LITERAL_CONVERSION = YES;
				CLANG_WARN_OBJC_ROOT_CLASS = YES_ERROR;
				CLANG_WARN_RANGE_LOOP_ANALYSIS = YES;
				CLANG_WARN_STRICT_PROTOTYPES = YES;
				CLANG_WARN_SUSPICIOUS_MOVE = YES;
				CLANG_WARN_UNGUARDED_AVAILABILITY = YES_AGGRESSIVE;
				CLANG_WARN_UNREACHABLE_CODE = YES;
				CLANG_WARN__DUPLICATE_METHOD_MATCH = YES;
				CODE_SIGN_IDENTITY = "-";
				COPY_PHASE_STRIP = NO;
				DEBUG_INFORMATION_FORMAT = dwarf;
				ENABLE_STRICT_OBJC_MSGSEND = YES;
				ENABLE_TESTABILITY = YES;
				GCC_C_LANGUAGE_STANDARD = gnu11;
				GCC_DYNAMIC_NO_PIC = NO;
				GCC_NO_COMMON_BLOCKS = YES;
				GCC_OPTIMIZATION_LEVEL = 0;
				GCC_PREPROCESSOR_DEFINITIONS = (
					"DEBUG=1",
					"$(inherited)",
				);
				GCC_WARN_64_TO_32_BIT_CONVERSION = YES;
				GCC_WARN_ABOUT_RETURN_TYPE = YES_ERROR;
				GCC_WARN_UNDECLARED_SELECTOR = YES;
				GCC_WARN_UNINITIALIZED_AUTOS = YES_AGGRESSIVE;
				GCC_WARN_UNUSED_FUNCTION = YES;
				GCC_WARN_UNUSED_VARIABLE = YES;
				MACOSX_DEPLOYMENT_TARGET = 10.13;
				MTL_ENABLE_DEBUG_INFO = YES;
				ONLY_ACTIVE_ARCH = YES;
				SDKROOT = macosx;
			};
			name = Debug;
		};
		2A7D0FCC20732BE70079691B /* Release */ = {
			isa = XCBuildConfiguration;
			buildSettings = {
				ALWAYS_SEARCH_USER_PATHS = NO;
				CLANG_ANALYZER_NONNULL = YES;
				CLANG_ANALYZER_NUMBER_OBJECT_CONVERSION = YES_AGGRESSIVE;
				CLANG_CXX_LANGUAGE_STANDARD = "gnu++14";
				CLANG_CXX_LIBRARY = "libc++";
				CLANG_ENABLE_MODULES = YES;
				CLANG_ENABLE_OBJC_ARC = YES;
				CLANG_ENABLE_OBJC_WEAK = YES;
				CLANG_WARN_BLOCK_CAPTURE_AUTORELEASING = YES;
				CLANG_WARN_BOOL_CONVERSION = YES;
				CLANG_WARN_COMMA = YES;
				CLANG_WARN_CONSTANT_CONVERSION = YES;
				CLANG_WARN_DEPRECATED_OBJC_IMPLEMENTATIONS = YES;
				CLANG_WARN_DIRECT_OBJC_ISA_USAGE = YES_ERROR;
				CLANG_WARN_DOCUMENTATION_COMMENTS = YES;
				CLANG_WARN_EMPTY_BODY = YES;
				CLANG_WARN_ENUM_CONVERSION = YES;
				CLANG_WARN_INFINITE_RECURSION = YES;
				CLANG_WARN_INT_CONVERSION = YES;
				CLANG_WARN_NON_LITERAL_NULL_CONVERSION = YES;
				CLANG_WARN_OBJC_IMPLICIT_RETAIN_SELF = YES;
				CLANG_WARN_OBJC_LITERAL_CONVERSION = YES;
				CLANG_WARN_OBJC_ROOT_CLASS = YES_ERROR;
				CLANG_WARN_RANGE_LOOP_ANALYSIS = YES;
				CLANG_WARN_STRICT_PROTOTYPES = YES;
				CLANG_WARN_SUSPICIOUS_MOVE = YES;
				CLANG_WARN_UNGUARDED_AVAILABILITY = YES_AGGRESSIVE;
				CLANG_WARN_UNREACHABLE_CODE = YES;
				CLANG_WARN__DUPLICATE_METHOD_MATCH = YES;
				CODE_SIGN_IDENTITY = "-";
				COPY_PHASE_STRIP = NO;
				DEBUG_INFORMATION_FORMAT = "dwarf-with-dsym";
				ENABLE_NS_ASSERTIONS = NO;
				ENABLE_STRICT_OBJC_MSGSEND = YES;
				GCC_C_LANGUAGE_STANDARD = gnu11;
				GCC_NO_COMMON_BLOCKS = YES;
				GCC_WARN_64_TO_32_BIT_CONVERSION = YES;
				GCC_WARN_ABOUT_RETURN_TYPE = YES_ERROR;
				GCC_WARN_UNDECLARED_SELECTOR = YES;
				GCC_WARN_UNINITIALIZED_AUTOS = YES_AGGRESSIVE;
				GCC_WARN_UNUSED_FUNCTION = YES;
				GCC_WARN_UNUSED_VARIABLE = YES;
				MACOSX_DEPLOYMENT_TARGET = 10.13;
				MTL_ENABLE_DEBUG_INFO = NO;
				SDKROOT = macosx;
			};
			name = Release;
		};
		2A7D0FCE20732BE70079691B /* Debug */ = {
			isa = XCBuildConfiguration;
			buildSettings = {
				CODE_SIGN_STYLE = Automatic;
				PRODUCT_NAME = "$(TARGET_NAME)";
			};
			name = Debug;
		};
		2A7D0FCF20732BE70079691B /* Release */ = {
			isa = XCBuildConfiguration;
			buildSettings = {
				CODE_SIGN_STYLE = Automatic;
				PRODUCT_NAME = "$(TARGET_NAME)";
			};
			name = Release;
		};
/* End XCBuildConfiguration section */

/* Begin XCConfigurationList section */
		2A7D0FC120732BE70079691B /* Build configuration list for PBXProject "codeLab04" */ = {
			isa = XCConfigurationList;
			buildConfigurations = (
				2A7D0FCB20732BE70079691B /* Debug */,
				2A7D0FCC20732BE70079691B /* Release */,
			);
			defaultConfigurationIsVisible = 0;
			defaultConfigurationName = Release;
		};
		2A7D0FCD20732BE70079691B /* Build configuration list for PBXNativeTarget "codeLab04" */ = {
			isa = XCConfigurationList;
			buildConfigurations = (
				2A7D0FCE20732BE70079691B /* Debug */,
				2A7D0FCF20732BE70079691B /* Release */,
			);
			defaultConfigurationIsVisible = 0;
			defaultConfigurationName = Release;
		};
/* End XCConfigurationList section */
	};
	rootObject = 2A7D0FBE20732BE70079691B /* Project object */;
}
